
Microsoft Visual Studio Solution File, Format Version 12.00
# Visual Studio 14
VisualStudioVersion = 14.0.25420.1
MinimumVisualStudioVersion = 10.0.40219.1
Project("{8BC9CEB8-8B4A-11D0-8D11-00A0C91BC942}") = "Wotan++", "src\wotan++.vcxproj", "{44A80EB7-DC94-42A7-8AFC-A36F592CF9D8}"
	ProjectSection(ProjectDependencies) = postProject
		{E9C3126E-CEA8-41A8-A714-7644B016DB3C} = {E9C3126E-CEA8-41A8-A714-7644B016DB3C}
	EndProjectSection
EndProject
Project("{8BC9CEB8-8B4A-11D0-8D11-00A0C91BC942}") = "TwsSocketClient", "..\..\TWS API\source\CppClient\client\TwsSocketClient.vcxproj", "{E9C3126E-CEA8-41A8-A714-7644B016DB3C}"
EndProject
Global
	GlobalSection(SolutionConfigurationPlatforms) = preSolution
		Debug|x64 = Debug|x64
		Debug|x86 = Debug|x86
		Release|x64 = Release|x64
		Release|x86 = Release|x86
	EndGlobalSection
	GlobalSection(ProjectConfigurationPlatforms) = postSolution
		{44A80EB7-DC94-42A7-8AFC-A36F592CF9D8}.Debug|x64.ActiveCfg = Debug|x64
		{44A80EB7-DC94-42A7-8AFC-A36F592CF9D8}.Debug|x64.Build.0 = Debug|x64
		{44A80EB7-DC94-42A7-8AFC-A36F592CF9D8}.Debug|x86.ActiveCfg = Debug|Win32
		{44A80EB7-DC94-42A7-8AFC-A36F592CF9D8}.Debug|x86.Build.0 = Debug|Win32
		{44A80EB7-DC94-42A7-8AFC-A36F592CF9D8}.Release|x64.ActiveCfg = Release|x64
		{44A80EB7-DC94-42A7-8AFC-A36F592CF9D8}.Release|x64.Build.0 = Release|x64
		{44A80EB7-DC94-42A7-8AFC-A36F592CF9D8}.Release|x86.ActiveCfg = Release|Win32
		{44A80EB7-DC94-42A7-8AFC-A36F592CF9D8}.Release|x86.Build.0 = Release|Win32
		{E9C3126E-CEA8-41A8-A714-7644B016DB3C}.Debug|x64.ActiveCfg = Debug|Win32
		{E9C3126E-CEA8-41A8-A714-7644B016DB3C}.Debug|x86.ActiveCfg = Debug|Win32
		{E9C3126E-CEA8-41A8-A714-7644B016DB3C}.Debug|x86.Build.0 = Debug|Win32
		{E9C3126E-CEA8-41A8-A714-7644B016DB3C}.Release|x64.ActiveCfg = Release|Win32
		{E9C3126E-CEA8-41A8-A714-7644B016DB3C}.Release|x86.ActiveCfg = Release|Win32
		{E9C3126E-CEA8-41A8-A714-7644B016DB3C}.Release|x86.Build.0 = Release|Win32
	EndGlobalSection
	GlobalSection(SolutionProperties) = preSolution
		HideSolutionNode = FALSE
	EndGlobalSection
EndGlobal
